// !$*UTF8*$!
{
	archiveVersion = 1;
	classes = {
	};
	objectVersion = 56;
	objects = {

/* Begin PBXBuildFile section */
		8E4805AD2A9E70A700F36FB9 /* AppDelegate.swift in Sources */ = {isa = PBXBuildFile; fileRef = 8E4805AC2A9E70A700F36FB9 /* AppDelegate.swift */; };
		8E4805AF2A9E70A700F36FB9 /* SceneDelegate.swift in Sources */ = {isa = PBXBuildFile; fileRef = 8E4805AE2A9E70A700F36FB9 /* SceneDelegate.swift */; };
		8E4805B12A9E70A700F36FB9 /* ViewController.swift in Sources */ = {isa = PBXBuildFile; fileRef = 8E4805B02A9E70A700F36FB9 /* ViewController.swift */; };
		8E4805B42A9E70A700F36FB9 /* Main.storyboard in Resources */ = {isa = PBXBuildFile; fileRef = 8E4805B22A9E70A700F36FB9 /* Main.storyboard */; };
		8E4805B62A9E70A800F36FB9 /* Assets.xcassets in Resources */ = {isa = PBXBuildFile; fileRef = 8E4805B52A9E70A800F36FB9 /* Assets.xcassets */; };
		8E4805B92A9E70A800F36FB9 /* LaunchScreen.storyboard in Resources */ = {isa = PBXBuildFile; fileRef = 8E4805B72A9E70A800F36FB9 /* LaunchScreen.storyboard */; };
		8E4805C42A9E70A800F36FB9 /* HelloApp01Tests.swift in Sources */ = {isa = PBXBuildFile; fileRef = 8E4805C32A9E70A800F36FB9 /* HelloApp01Tests.swift */; };
		8E4805CE2A9E70A800F36FB9 /* HelloApp01UITests.swift in Sources */ = {isa = PBXBuildFile; fileRef = 8E4805CD2A9E70A800F36FB9 /* HelloApp01UITests.swift */; };
		8E4805D02A9E70A800F36FB9 /* HelloApp01UITestsLaunchTests.swift in Sources */ = {isa = PBXBuildFile; fileRef = 8E4805CF2A9E70A800F36FB9 /* HelloApp01UITestsLaunchTests.swift */; };
/* End PBXBuildFile section */

/* Begin PBXContainerItemProxy section */
		8E4805C02A9E70A800F36FB9 /* PBXContainerItemProxy */ = {
			isa = PBXContainerItemProxy;
			containerPortal = 8E4805A12A9E70A700F36FB9 /* Project object */;
			proxyType = 1;
			remoteGlobalIDString = 8E4805A82A9E70A700F36FB9;
			remoteInfo = HelloApp01;
		};
		8E4805CA2A9E70A800F36FB9 /* PBXContainerItemProxy */ = {
			isa = PBXContainerItemProxy;
			containerPortal = 8E4805A12A9E70A700F36FB9 /* Project object */;
			proxyType = 1;
			remoteGlobalIDString = 8E4805A82A9E70A700F36FB9;
			remoteInfo = HelloApp01;
		};
/* End PBXContainerItemProxy section */

/* Begin PBXFileReference section */
		8E4805A92A9E70A700F36FB9 /* HelloApp01.app */ = {isa = PBXFileReference; explicitFileType = wrapper.application; includeInIndex = 0; path = HelloApp01.app; sourceTree = BUILT_PRODUCTS_DIR; };
		8E4805AC2A9E70A700F36FB9 /* AppDelegate.swift */ = {isa = PBXFileReference; lastKnownFileType = sourcecode.swift; path = AppDelegate.swift; sourceTree = "<group>"; };
		8E4805AE2A9E70A700F36FB9 /* SceneDelegate.swift */ = {isa = PBXFileReference; lastKnownFileType = sourcecode.swift; path = SceneDelegate.swift; sourceTree = "<group>"; };
		8E4805B02A9E70A700F36FB9 /* ViewController.swift */ = {isa = PBXFileReference; lastKnownFileType = sourcecode.swift; path = ViewController.swift; sourceTree = "<group>"; };
		8E4805B32A9E70A700F36FB9 /* Base */ = {isa = PBXFileReference; lastKnownFileType = file.storyboard; name = Base; path = Base.lproj/Main.storyboard; sourceTree = "<group>"; };
		8E4805B52A9E70A800F36FB9 /* Assets.xcassets */ = {isa = PBXFileReference; lastKnownFileType = folder.assetcatalog; path = Assets.xcassets; sourceTree = "<group>"; };
		8E4805B82A9E70A800F36FB9 /* Base */ = {isa = PBXFileReference; lastKnownFileType = file.storyboard; name = Base; path = Base.lproj/LaunchScreen.storyboard; sourceTree = "<group>"; };
		8E4805BA2A9E70A800F36FB9 /* Info.plist */ = {isa = PBXFileReference; lastKnownFileType = text.plist.xml; path = Info.plist; sourceTree = "<group>"; };
		8E4805BF2A9E70A800F36FB9 /* HelloApp01Tests.xctest */ = {isa = PBXFileReference; explicitFileType = wrapper.cfbundle; includeInIndex = 0; path = HelloApp01Tests.xctest; sourceTree = BUILT_PRODUCTS_DIR; };
		8E4805C32A9E70A800F36FB9 /* HelloApp01Tests.swift */ = {isa = PBXFileReference; lastKnownFileType = sourcecode.swift; path = HelloApp01Tests.swift; sourceTree = "<group>"; };
		8E4805C92A9E70A800F36FB9 /* HelloApp01UITests.xctest */ = {isa = PBXFileReference; explicitFileType = wrapper.cfbundle; includeInIndex = 0; path = HelloApp01UITests.xctest; sourceTree = BUILT_PRODUCTS_DIR; };
		8E4805CD2A9E70A800F36FB9 /* HelloApp01UITests.swift */ = {isa = PBXFileReference; lastKnownFileType = sourcecode.swift; path = HelloApp01UITests.swift; sourceTree = "<group>"; };
		8E4805CF2A9E70A800F36FB9 /* HelloApp01UITestsLaunchTests.swift */ = {isa = PBXFileReference; lastKnownFileType = sourcecode.swift; path = HelloApp01UITestsLaunchTests.swift; sourceTree = "<group>"; };
/* End PBXFileReference section */

/* Begin PBXFrameworksBuildPhase section */
		8E4805A62A9E70A700F36FB9 /* Frameworks */ = {
			isa = PBXFrameworksBuildPhase;
			buildActionMask = 2147483647;
			files = (
			);
			runOnlyForDeploymentPostprocessing = 0;
		};
		8E4805BC2A9E70A800F36FB9 /* Frameworks */ = {
			isa = PBXFrameworksBuildPhase;
			buildActionMask = 2147483647;
			files = (
			);
			runOnlyForDeploymentPostprocessing = 0;
		};
		8E4805C62A9E70A800F36FB9 /* Frameworks */ = {
			isa = PBXFrameworksBuildPhase;
			buildActionMask = 2147483647;
			files = (
			);
			runOnlyForDeploymentPostprocessing = 0;
		};
/* End PBXFrameworksBuildPhase section */

/* Begin PBXGroup section */
		8E4805A02A9E70A700F36FB9 = {
			isa = PBXGroup;
			children = (
				8E4805AB2A9E70A700F36FB9 /* HelloApp01 */,
				8E4805C22A9E70A800F36FB9 /* HelloApp01Tests */,
				8E4805CC2A9E70A800F36FB9 /* HelloApp01UITests */,
				8E4805AA2A9E70A700F36FB9 /* Products */,
			);
			sourceTree = "<group>";
		};
		8E4805AA2A9E70A700F36FB9 /* Products */ = {
			isa = PBXGroup;
			children = (
				8E4805A92A9E70A700F36FB9 /* HelloApp01.app */,
				8E4805BF2A9E70A800F36FB9 /* HelloApp01Tests.xctest */,
				8E4805C92A9E70A800F36FB9 /* HelloApp01UITests.xctest */,
			);
			name = Products;
			sourceTree = "<group>";
		};
		8E4805AB2A9E70A700F36FB9 /* HelloApp01 */ = {
			isa = PBXGroup;
			children = (
				8E4805AC2A9E70A700F36FB9 /* AppDelegate.swift */,
				8E4805AE2A9E70A700F36FB9 /* SceneDelegate.swift */,
				8E4805B02A9E70A700F36FB9 /* ViewController.swift */,
				8E4805B22A9E70A700F36FB9 /* Main.storyboard */,
				8E4805B52A9E70A800F36FB9 /* Assets.xcassets */,
				8E4805B72A9E70A800F36FB9 /* LaunchScreen.storyboard */,
				8E4805BA2A9E70A800F36FB9 /* Info.plist */,
			);
			path = HelloApp01;
			sourceTree = "<group>";
		};
		8E4805C22A9E70A800F36FB9 /* HelloApp01Tests */ = {
			isa = PBXGroup;
			children = (
				8E4805C32A9E70A800F36FB9 /* HelloApp01Tests.swift */,
			);
			path = HelloApp01Tests;
			sourceTree = "<group>";
		};
		8E4805CC2A9E70A800F36FB9 /* HelloApp01UITests */ = {
			isa = PBXGroup;
			children = (
				8E4805CD2A9E70A800F36FB9 /* HelloApp01UITests.swift */,
				8E4805CF2A9E70A800F36FB9 /* HelloApp01UITestsLaunchTests.swift */,
			);
			path = HelloApp01UITests;
			sourceTree = "<group>";
		};
/* End PBXGroup section */

/* Begin PBXNativeTarget section */
		8E4805A82A9E70A700F36FB9 /* HelloApp01 */ = {
			isa = PBXNativeTarget;
			buildConfigurationList = 8E4805D32A9E70A800F36FB9 /* Build configuration list for PBXNativeTarget "HelloApp01" */;
			buildPhases = (
				8E4805A52A9E70A700F36FB9 /* Sources */,
				8E4805A62A9E70A700F36FB9 /* Frameworks */,
				8E4805A72A9E70A700F36FB9 /* Resources */,
			);
			buildRules = (
			);
			dependencies = (
			);
			name = HelloApp01;
			productName = HelloApp01;
			productReference = 8E4805A92A9E70A700F36FB9 /* HelloApp01.app */;
			productType = "com.apple.product-type.application";
		};
		8E4805BE2A9E70A800F36FB9 /* HelloApp01Tests */ = {
			isa = PBXNativeTarget;
			buildConfigurationList = 8E4805D62A9E70A800F36FB9 /* Build configuration list for PBXNativeTarget "HelloApp01Tests" */;
			buildPhases = (
				8E4805BB2A9E70A800F36FB9 /* Sources */,
				8E4805BC2A9E70A800F36FB9 /* Frameworks */,
				8E4805BD2A9E70A800F36FB9 /* Resources */,
			);
			buildRules = (
			);
			dependencies = (
				8E4805C12A9E70A800F36FB9 /* PBXTargetDependency */,
			);
			name = HelloApp01Tests;
			productName = HelloApp01Tests;
			productReference = 8E4805BF2A9E70A800F36FB9 /* HelloApp01Tests.xctest */;
			productType = "com.apple.product-type.bundle.unit-test";
		};
		8E4805C82A9E70A800F36FB9 /* HelloApp01UITests */ = {
			isa = PBXNativeTarget;
			buildConfigurationList = 8E4805D92A9E70A800F36FB9 /* Build configuration list for PBXNativeTarget "HelloApp01UITests" */;
			buildPhases = (
				8E4805C52A9E70A800F36FB9 /* Sources */,
				8E4805C62A9E70A800F36FB9 /* Frameworks */,
				8E4805C72A9E70A800F36FB9 /* Resources */,
			);
			buildRules = (
			);
			dependencies = (
				8E4805CB2A9E70A800F36FB9 /* PBXTargetDependency */,
			);
			name = HelloApp01UITests;
			productName = HelloApp01UITests;
			productReference = 8E4805C92A9E70A800F36FB9 /* HelloApp01UITests.xctest */;
			productType = "com.apple.product-type.bundle.ui-testing";
		};
/* End PBXNativeTarget section */

/* Begin PBXProject section */
		8E4805A12A9E70A700F36FB9 /* Project object */ = {
			isa = PBXProject;
			attributes = {
				BuildIndependentTargetsInParallel = 1;
				LastSwiftUpdateCheck = 1430;
				LastUpgradeCheck = 1430;
				TargetAttributes = {
					8E4805A82A9E70A700F36FB9 = {
						CreatedOnToolsVersion = 14.3.1;
					};
					8E4805BE2A9E70A800F36FB9 = {
						CreatedOnToolsVersion = 14.3.1;
						TestTargetID = 8E4805A82A9E70A700F36FB9;
					};
					8E4805C82A9E70A800F36FB9 = {
						CreatedOnToolsVersion = 14.3.1;
						TestTargetID = 8E4805A82A9E70A700F36FB9;
					};
				};
			};
			buildConfigurationList = 8E4805A42A9E70A700F36FB9 /* Build configuration list for PBXProject "HelloApp01" */;
			compatibilityVersion = "Xcode 14.0";
			developmentRegion = en;
			hasScannedForEncodings = 0;
			knownRegions = (
				en,
				Base,
			);
			mainGroup = 8E4805A02A9E70A700F36FB9;
			productRefGroup = 8E4805AA2A9E70A700F36FB9 /* Products */;
			projectDirPath = "";
			projectRoot = "";
			targets = (
				8E4805A82A9E70A700F36FB9 /* HelloApp01 */,
				8E4805BE2A9E70A800F36FB9 /* HelloApp01Tests */,
				8E4805C82A9E70A800F36FB9 /* HelloApp01UITests */,
			);
		};
/* End PBXProject section */

/* Begin PBXResourcesBuildPhase section */
		8E4805A72A9E70A700F36FB9 /* Resources */ = {
			isa = PBXResourcesBuildPhase;
			buildActionMask = 2147483647;
			files = (
				8E4805B92A9E70A800F36FB9 /* LaunchScreen.storyboard in Resources */,
				8E4805B62A9E70A800F36FB9 /* Assets.xcassets in Resources */,
				8E4805B42A9E70A700F36FB9 /* Main.storyboard in Resources */,
			);
			runOnlyForDeploymentPostprocessing = 0;
		};
		8E4805BD2A9E70A800F36FB9 /* Resources */ = {
			isa = PBXResourcesBuildPhase;
			buildActionMask = 2147483647;
			files = (
			);
			runOnlyForDeploymentPostprocessing = 0;
		};
		8E4805C72A9E70A800F36FB9 /* Resources */ = {
			isa = PBXResourcesBuildPhase;
			buildActionMask = 2147483647;
			files = (
			);
			runOnlyForDeploymentPostprocessing = 0;
		};
/* End PBXResourcesBuildPhase section */

/* Begin PBXSourcesBuildPhase section */
		8E4805A52A9E70A700F36FB9 /* Sources */ = {
			isa = PBXSourcesBuildPhase;
			buildActionMask = 2147483647;
			files = (
				8E4805B12A9E70A700F36FB9 /* ViewController.swift in Sources */,
				8E4805AD2A9E70A700F36FB9 /* AppDelegate.swift in Sources */,
				8E4805AF2A9E70A700F36FB9 /* SceneDelegate.swift in Sources */,
			);
			runOnlyForDeploymentPostprocessing = 0;
		};
		8E4805BB2A9E70A800F36FB9 /* Sources */ = {
			isa = PBXSourcesBuildPhase;
			buildActionMask = 2147483647;
			files = (
				8E4805C42A9E70A800F36FB9 /* HelloApp01Tests.swift in Sources */,
			);
			runOnlyForDeploymentPostprocessing = 0;
		};
		8E4805C52A9E70A800F36FB9 /* Sources */ = {
			isa = PBXSourcesBuildPhase;
			buildActionMask = 2147483647;
			files = (
				8E4805D02A9E70A800F36FB9 /* HelloApp01UITestsLaunchTests.swift in Sources */,
				8E4805CE2A9E70A800F36FB9 /* HelloApp01UITests.swift in Sources */,
			);
			runOnlyForDeploymentPostprocessing = 0;
		};
/* End PBXSourcesBuildPhase section */

/* Begin PBXTargetDependency section */
		8E4805C12A9E70A800F36FB9 /* PBXTargetDependency */ = {
			isa = PBXTargetDependency;
			target = 8E4805A82A9E70A700F36FB9 /* HelloApp01 */;
			targetProxy = 8E4805C02A9E70A800F36FB9 /* PBXContainerItemProxy */;
		};
		8E4805CB2A9E70A800F36FB9 /* PBXTargetDependency */ = {
			isa = PBXTargetDependency;
			target = 8E4805A82A9E70A700F36FB9 /* HelloApp01 */;
			targetProxy = 8E4805CA2A9E70A800F36FB9 /* PBXContainerItemProxy */;
		};
/* End PBXTargetDependency section */

/* Begin PBXVariantGroup section */
		8E4805B22A9E70A700F36FB9 /* Main.storyboard */ = {
			isa = PBXVariantGroup;
			children = (
				8E4805B32A9E70A700F36FB9 /* Base */,
			);
			name = Main.storyboard;
			sourceTree = "<group>";
		};
		8E4805B72A9E70A800F36FB9 /* LaunchScreen.storyboard */ = {
			isa = PBXVariantGroup;
			children = (
				8E4805B82A9E70A800F36FB9 /* Base */,
			);
			name = LaunchScreen.storyboard;
			sourceTree = "<group>";
		};
/* End PBXVariantGroup section */

/* Begin XCBuildConfiguration section */
		8E4805D12A9E70A800F36FB9 /* Debug */ = {
			isa = XCBuildConfiguration;
			buildSettings = {
				ALWAYS_SEARCH_USER_PATHS = NO;
				CLANG_ANALYZER_NONNULL = YES;
				CLANG_ANALYZER_NUMBER_OBJECT_CONVERSION = YES_AGGRESSIVE;
				CLANG_CXX_LANGUAGE_STANDARD = "gnu++20";
				CLANG_ENABLE_MODULES = YES;
				CLANG_ENABLE_OBJC_ARC = YES;
				CLANG_ENABLE_OBJC_WEAK = YES;
				CLANG_WARN_BLOCK_CAPTURE_AUTORELEASING = YES;
				CLANG_WARN_BOOL_CONVERSION = YES;
				CLANG_WARN_COMMA = YES;
				CLANG_WARN_CONSTANT_CONVERSION = YES;
				CLANG_WARN_DEPRECATED_OBJC_IMPLEMENTATIONS = YES;
				CLANG_WARN_DIRECT_OBJC_ISA_USAGE = YES_ERROR;
				CLANG_WARN_DOCUMENTATION_COMMENTS = YES;
				CLANG_WARN_EMPTY_BODY = YES;
				CLANG_WARN_ENUM_CONVERSION = YES;
				CLANG_WARN_INFINITE_RECURSION = YES;
				CLANG_WARN_INT_CONVERSION = YES;
				CLANG_WARN_NON_LITERAL_NULL_CONVERSION = YES;
				CLANG_WARN_OBJC_IMPLICIT_RETAIN_SELF = YES;
				CLANG_WARN_OBJC_LITERAL_CONVERSION = YES;
				CLANG_WARN_OBJC_ROOT_CLASS = YES_ERROR;
				CLANG_WARN_QUOTED_INCLUDE_IN_FRAMEWORK_HEADER = YES;
				CLANG_WARN_RANGE_LOOP_ANALYSIS = YES;
				CLANG_WARN_STRICT_PROTOTYPES = YES;
				CLANG_WARN_SUSPICIOUS_MOVE = YES;
				CLANG_WARN_UNGUARDED_AVAILABILITY = YES_AGGRESSIVE;
				CLANG_WARN_UNREACHABLE_CODE = YES;
				CLANG_WARN__DUPLICATE_METHOD_MATCH = YES;
				COPY_PHASE_STRIP = NO;
				DEBUG_INFORMATION_FORMAT = dwarf;
				ENABLE_STRICT_OBJC_MSGSEND = YES;
				ENABLE_TESTABILITY = YES;
				GCC_C_LANGUAGE_STANDARD = gnu11;
				GCC_DYNAMIC_NO_PIC = NO;
				GCC_NO_COMMON_BLOCKS = YES;
				GCC_OPTIMIZATION_LEVEL = 0;
				GCC_PREPROCESSOR_DEFINITIONS = (
					"DEBUG=1",
					"$(inherited)",
				);
				GCC_WARN_64_TO_32_BIT_CONVERSION = YES;
				GCC_WARN_ABOUT_RETURN_TYPE = YES_ERROR;
				GCC_WARN_UNDECLARED_SELECTOR = YES;
				GCC_WARN_UNINITIALIZED_AUTOS = YES_AGGRESSIVE;
				GCC_WARN_UNUSED_FUNCTION = YES;
				GCC_WARN_UNUSED_VARIABLE = YES;
				IPHONEOS_DEPLOYMENT_TARGET = 16.4;
				MTL_ENABLE_DEBUG_INFO = INCLUDE_SOURCE;
				MTL_FAST_MATH = YES;
				ONLY_ACTIVE_ARCH = YES;
				SDKROOT = iphoneos;
				SWIFT_ACTIVE_COMPILATION_CONDITIONS = DEBUG;
				SWIFT_OPTIMIZATION_LEVEL = "-Onone";
			};
			name = Debug;
		};
		8E4805D22A9E70A800F36FB9 /* Release */ = {
			isa = XCBuildConfiguration;
			buildSettings = {
				ALWAYS_SEARCH_USER_PATHS = NO;
				CLANG_ANALYZER_NONNULL = YES;
				CLANG_ANALYZER_NUMBER_OBJECT_CONVERSION = YES_AGGRESSIVE;
				CLANG_CXX_LANGUAGE_STANDARD = "gnu++20";
				CLANG_ENABLE_MODULES = YES;
				CLANG_ENABLE_OBJC_ARC = YES;
				CLANG_ENABLE_OBJC_WEAK = YES;
				CLANG_WARN_BLOCK_CAPTURE_AUTORELEASING = YES;
				CLANG_WARN_BOOL_CONVERSION = YES;
				CLANG_WARN_COMMA = YES;
				CLANG_WARN_CONSTANT_CONVERSION = YES;
				CLANG_WARN_DEPRECATED_OBJC_IMPLEMENTATIONS = YES;
				CLANG_WARN_DIRECT_OBJC_ISA_USAGE = YES_ERROR;
				CLANG_WARN_DOCUMENTATION_COMMENTS = YES;
				CLANG_WARN_EMPTY_BODY = YES;
				CLANG_WARN_ENUM_CONVERSION = YES;
				CLANG_WARN_INFINITE_RECURSION = YES;
				CLANG_WARN_INT_CONVERSION = YES;
				CLANG_WARN_NON_LITERAL_NULL_CONVERSION = YES;
				CLANG_WARN_OBJC_IMPLICIT_RETAIN_SELF = YES;
				CLANG_WARN_OBJC_LITERAL_CONVERSION = YES;
				CLANG_WARN_OBJC_ROOT_CLASS = YES_ERROR;
				CLANG_WARN_QUOTED_INCLUDE_IN_FRAMEWORK_HEADER = YES;
				CLANG_WARN_RANGE_LOOP_ANALYSIS = YES;
				CLANG_WARN_STRICT_PROTOTYPES = YES;
				CLANG_WARN_SUSPICIOUS_MOVE = YES;
				CLANG_WARN_UNGUARDED_AVAILABILITY = YES_AGGRESSIVE;
				CLANG_WARN_UNREACHABLE_CODE = YES;
				CLANG_WARN__DUPLICATE_METHOD_MATCH = YES;
				COPY_PHASE_STRIP = NO;
				DEBUG_INFORMATION_FORMAT = "dwarf-with-dsym";
				ENABLE_NS_ASSERTIONS = NO;
				ENABLE_STRICT_OBJC_MSGSEND = YES;
				GCC_C_LANGUAGE_STANDARD = gnu11;
				GCC_NO_COMMON_BLOCKS = YES;
				GCC_WARN_64_TO_32_BIT_CONVERSION = YES;
				GCC_WARN_ABOUT_RETURN_TYPE = YES_ERROR;
				GCC_WARN_UNDECLARED_SELECTOR = YES;
				GCC_WARN_UNINITIALIZED_AUTOS = YES_AGGRESSIVE;
				GCC_WARN_UNUSED_FUNCTION = YES;
				GCC_WARN_UNUSED_VARIABLE = YES;
				IPHONEOS_DEPLOYMENT_TARGET = 16.4;
				MTL_ENABLE_DEBUG_INFO = NO;
				MTL_FAST_MATH = YES;
				SDKROOT = iphoneos;
				SWIFT_COMPILATION_MODE = wholemodule;
				SWIFT_OPTIMIZATION_LEVEL = "-O";
				VALIDATE_PRODUCT = YES;
			};
			name = Release;
		};
		8E4805D42A9E70A800F36FB9 /* Debug */ = {
			isa = XCBuildConfiguration;
			buildSettings = {
				ASSETCATALOG_COMPILER_APPICON_NAME = AppIcon;
				ASSETCATALOG_COMPILER_GLOBAL_ACCENT_COLOR_NAME = AccentColor;
				CODE_SIGN_STYLE = Automatic;
				CURRENT_PROJECT_VERSION = 1;
				GENERATE_INFOPLIST_FILE = YES;
				INFOPLIST_FILE = HelloApp01/Info.plist;
				INFOPLIST_KEY_CFBundleDisplayName = HelloApp01;
				INFOPLIST_KEY_UIApplicationSupportsIndirectInputEvents = YES;
				INFOPLIST_KEY_UILaunchStoryboardName = LaunchScreen;
				INFOPLIST_KEY_UIMainStoryboardFile = Main;
				INFOPLIST_KEY_UISupportedInterfaceOrientations_iPad = "UIInterfaceOrientationPortrait UIInterfaceOrientationPortraitUpsideDown UIInterfaceOrientationLandscapeLeft UIInterfaceOrientationLandscapeRight";
				INFOPLIST_KEY_UISupportedInterfaceOrientations_iPhone = "UIInterfaceOrientationPortrait UIInterfaceOrientationLandscapeLeft UIInterfaceOrientationLandscapeRight";
				IPHONEOS_DEPLOYMENT_TARGET = 15.0;
				LD_RUNPATH_SEARCH_PATHS = (
					"$(inherited)",
					"@executable_path/Frameworks",
				);
				MARKETING_VERSION = 1.0;
				PRODUCT_BUNDLE_IDENTIFIER = practice.HelloApp01;
				PRODUCT_NAME = "$(TARGET_NAME)";
				SWIFT_EMIT_LOC_STRINGS = YES;
				SWIFT_VERSION = 5.0;
				TARGETED_DEVICE_FAMILY = "1,2";
			};
			name = Debug;
		};
		8E4805D52A9E70A800F36FB9 /* Release */ = {
			isa = XCBuildConfiguration;
			buildSettings = {
				ASSETCATALOG_COMPILER_APPICON_NAME = AppIcon;
				ASSETCATALOG_COMPILER_GLOBAL_ACCENT_COLOR_NAME = AccentColor;
				CODE_SIGN_STYLE = Automatic;
				CURRENT_PROJECT_VERSION = 1;
				GENERATE_INFOPLIST_FILE = YES;
				INFOPLIST_FILE = HelloApp01/Info.plist;
				INFOPLIST_KEY_CFBundleDisplayName = HelloApp01;
				INFOPLIST_KEY_UIApplicationSupportsIndirectInputEvents = YES;
				INFOPLIST_KEY_UILaunchStoryboardName = LaunchScreen;
				INFOPLIST_KEY_UIMainStoryboardFile = Main;
				INFOPLIST_KEY_UISupportedInterfaceOrientations_iPad = "UIInterfaceOrientationPortrait UIInterfaceOrientationPortraitUpsideDown UIInterfaceOrientationLandscapeLeft UIInterfaceOrientationLandscapeRight";
				INFOPLIST_KEY_UISupportedInterfaceOrientations_iPhone = "UIInterfaceOrientationPortrait UIInterfaceOrientationLandscapeLeft UIInterfaceOrientationLandscapeRight";
				IPHONEOS_DEPLOYMENT_TARGET = 15.0;
				LD_RUNPATH_SEARCH_PATHS = (
					"$(inherited)",
					"@executable_path/Frameworks",
				);
				MARKETING_VERSION = 1.0;
				PRODUCT_BUNDLE_IDENTIFIER = practice.HelloApp01;
				PRODUCT_NAME = "$(TARGET_NAME)";
				SWIFT_EMIT_LOC_STRINGS = YES;
				SWIFT_VERSION = 5.0;
				TARGETED_DEVICE_FAMILY = "1,2";
			};
			name = Release;
		};
		8E4805D72A9E70A800F36FB9 /* Debug */ = {
			isa = XCBuildConfiguration;
			buildSettings = {
				ALWAYS_EMBED_SWIFT_STANDARD_LIBRARIES = YES;
				BUNDLE_LOADER = "$(TEST_HOST)";
				CODE_SIGN_STYLE = Automatic;
				CURRENT_PROJECT_VERSION = 1;
				GENERATE_INFOPLIST_FILE = YES;
				IPHONEOS_DEPLOYMENT_TARGET = 16.4;
				MARKETING_VERSION = 1.0;
				PRODUCT_BUNDLE_IDENTIFIER = practice.HelloApp01Tests;
				PRODUCT_NAME = "$(TARGET_NAME)";
				SWIFT_EMIT_LOC_STRINGS = NO;
				SWIFT_VERSION = 5.0;
				TARGETED_DEVICE_FAMILY = "1,2";
				TEST_HOST = "$(BUILT_PRODUCTS_DIR)/HelloApp01.app/$(BUNDLE_EXECUTABLE_FOLDER_PATH)/HelloApp01";
			};
			name = Debug;
		};
		8E4805D82A9E70A800F36FB9 /* Release */ = {
			isa = XCBuildConfiguration;
			buildSettings = {
				ALWAYS_EMBED_SWIFT_STANDARD_LIBRARIES = YES;
				BUNDLE_LOADER = "$(TEST_HOST)";
				CODE_SIGN_STYLE = Automatic;
				CURRENT_PROJECT_VERSION = 1;
				GENERATE_INFOPLIST_FILE = YES;
				IPHONEOS_DEPLOYMENT_TARGET = 16.4;
				MARKETING_VERSION = 1.0;
				PRODUCT_BUNDLE_IDENTIFIER = practice.HelloApp01Tests;
				PRODUCT_NAME = "$(TARGET_NAME)";
				SWIFT_EMIT_LOC_STRINGS = NO;
				SWIFT_VERSION = 5.0;
				TARGETED_DEVICE_FAMILY = "1,2";
				TEST_HOST = "$(BUILT_PRODUCTS_DIR)/HelloApp01.app/$(BUNDLE_EXECUTABLE_FOLDER_PATH)/HelloApp01";
			};
			name = Release;
		};
		8E4805DA2A9E70A800F36FB9 /* Debug */ = {
			isa = XCBuildConfiguration;
			buildSettings = {
				ALWAYS_EMBED_SWIFT_STANDARD_LIBRARIES = YES;
				CODE_SIGN_STYLE = Automatic;
				CURRENT_PROJECT_VERSION = 1;
				GENERATE_INFOPLIST_FILE = YES;
				MARKETING_VERSION = 1.0;
				PRODUCT_BUNDLE_IDENTIFIER = practice.HelloApp01UITests;
				PRODUCT_NAME = "$(TARGET_NAME)";
				SWIFT_EMIT_LOC_STRINGS = NO;
				SWIFT_VERSION = 5.0;
				TARGETED_DEVICE_FAMILY = "1,2";
				TEST_TARGET_NAME = HelloApp01;
			};
			name = Debug;
		};
		8E4805DB2A9E70A800F36FB9 /* Release */ = {
			isa = XCBuildConfiguration;
			buildSettings = {
				ALWAYS_EMBED_SWIFT_STANDARD_LIBRARIES = YES;
				CODE_SIGN_STYLE = Automatic;
				CURRENT_PROJECT_VERSION = 1;
				GENERATE_INFOPLIST_FILE = YES;
				MARKETING_VERSION = 1.0;
				PRODUCT_BUNDLE_IDENTIFIER = practice.HelloApp01UITests;
				PRODUCT_NAME = "$(TARGET_NAME)";
				SWIFT_EMIT_LOC_STRINGS = NO;
				SWIFT_VERSION = 5.0;
				TARGETED_DEVICE_FAMILY = "1,2";
				TEST_TARGET_NAME = HelloApp01;
			};
			name = Release;
		};
/* End XCBuildConfiguration section */

/* Begin XCConfigurationList section */
		8E4805A42A9E70A700F36FB9 /* Build configuration list for PBXProject "HelloApp01" */ = {
			isa = XCConfigurationList;
			buildConfigurations = (
				8E4805D12A9E70A800F36FB9 /* Debug */,
				8E4805D22A9E70A800F36FB9 /* Release */,
			);
			defaultConfigurationIsVisible = 0;
			defaultConfigurationName = Release;
		};
		8E4805D32A9E70A800F36FB9 /* Build configuration list for PBXNativeTarget "HelloApp01" */ = {
			isa = XCConfigurationList;
			buildConfigurations = (
				8E4805D42A9E70A800F36FB9 /* Debug */,
				8E4805D52A9E70A800F36FB9 /* Release */,
			);
			defaultConfigurationIsVisible = 0;
			defaultConfigurationName = Release;
		};
		8E4805D62A9E70A800F36FB9 /* Build configuration list for PBXNativeTarget "HelloApp01Tests" */ = {
			isa = XCConfigurationList;
			buildConfigurations = (
				8E4805D72A9E70A800F36FB9 /* Debug */,
				8E4805D82A9E70A800F36FB9 /* Release */,
			);
			defaultConfigurationIsVisible = 0;
			defaultConfigurationName = Release;
		};
		8E4805D92A9E70A800F36FB9 /* Build configuration list for PBXNativeTarget "HelloApp01UITests" */ = {
			isa = XCConfigurationList;
			buildConfigurations = (
				8E4805DA2A9E70A800F36FB9 /* Debug */,
				8E4805DB2A9E70A800F36FB9 /* Release */,
			);
			defaultConfigurationIsVisible = 0;
			defaultConfigurationName = Release;
		};
/* End XCConfigurationList section */
	};
	rootObject = 8E4805A12A9E70A700F36FB9 /* Project object */;
}
